
Microsoft Visual Studio Solution File, Format Version 12.00
# Visual Studio Version 17
VisualStudioVersion = 17.11.35431.28
MinimumVisualStudioVersion = 10.0.40219.1
Project("{9A19103F-16F7-4668-BE54-9A1E7A4F7556}") = "DripChipAPI", "DripChip\DripChipAPI.csproj", "{7FF85587-C7D4-41EF-B410-8D73868BD58C}"
EndProject
Project("{9A19103F-16F7-4668-BE54-9A1E7A4F7556}") = "Entities", "Entities\Entities.csproj", "{BFDC5388-56AD-418E-BF0F-67A94115C76A}"
EndProject
Project("{9A19103F-16F7-4668-BE54-9A1E7A4F7556}") = "Services", "Services\Services.csproj", "{3AFFDDA9-2947-4E47-9D4A-CBCF02596B0A}"
EndProject
Project("{2150E333-8FDC-42A3-9474-1A3956D46DE8}") = "Элементы решения", "Элементы решения", "{7CC42714-2691-4B4D-8DE5-6CF1450F38EF}"
	ProjectSection(SolutionItems) = preProject
		docker-compose.yml = docker-compose.yml
		Dockerfile = Dockerfile
	EndProjectSection
EndProject
Global
	GlobalSection(SolutionConfigurationPlatforms) = preSolution
		Debug|Any CPU = Debug|Any CPU
		Release|Any CPU = Release|Any CPU
	EndGlobalSection
	GlobalSection(ProjectConfigurationPlatforms) = postSolution
		{7FF85587-C7D4-41EF-B410-8D73868BD58C}.Debug|Any CPU.ActiveCfg = Debug|Any CPU
		{7FF85587-C7D4-41EF-B410-8D73868BD58C}.Debug|Any CPU.Build.0 = Debug|Any CPU
		{7FF85587-C7D4-41EF-B410-8D73868BD58C}.Release|Any CPU.ActiveCfg = Release|Any CPU
		{7FF85587-C7D4-41EF-B410-8D73868BD58C}.Release|Any CPU.Build.0 = Release|Any CPU
		{BFDC5388-56AD-418E-BF0F-67A94115C76A}.Debug|Any CPU.ActiveCfg = Debug|Any CPU
		{BFDC5388-56AD-418E-BF0F-67A94115C76A}.Debug|Any CPU.Build.0 = Debug|Any CPU
		{BFDC5388-56AD-418E-BF0F-67A94115C76A}.Release|Any CPU.ActiveCfg = Release|Any CPU
		{BFDC5388-56AD-418E-BF0F-67A94115C76A}.Release|Any CPU.Build.0 = Release|Any CPU
		{3AFFDDA9-2947-4E47-9D4A-CBCF02596B0A}.Debug|Any CPU.ActiveCfg = Debug|Any CPU
		{3AFFDDA9-2947-4E47-9D4A-CBCF02596B0A}.Debug|Any CPU.Build.0 = Debug|Any CPU
		{3AFFDDA9-2947-4E47-9D4A-CBCF02596B0A}.Release|Any CPU.ActiveCfg = Release|Any CPU
		{3AFFDDA9-2947-4E47-9D4A-CBCF02596B0A}.Release|Any CPU.Build.0 = Release|Any CPU
	EndGlobalSection
	GlobalSection(SolutionProperties) = preSolution
		HideSolutionNode = FALSE
	EndGlobalSection
	GlobalSection(ExtensibilityGlobals) = postSolution
		SolutionGuid = {613C8F0A-D1A9-471C-9F37-D4E8E55EF7EB}
	EndGlobalSection
EndGlobal
